
Microsoft Visual Studio Solution File, Format Version 12.00
# Visual Studio Version 17
VisualStudioVersion = 17.5.002.0
MinimumVisualStudioVersion = 10.0.40219.1
Project("{9A19103F-16F7-4668-BE54-9A1E7A4F7556}") = "Hermes.API", "Hermes.API\Hermes.API.csproj", "{98FFE575-52CA-497A-8643-2FC6CAFE6E31}"
EndProject
Project("{9A19103F-16F7-4668-BE54-9A1E7A4F7556}") = "Hermes.Application", "Hermes.Application\Hermes.Application.csproj", "{7179A749-65D1-4A2C-8A14-5BEE80A9A26E}"
EndProject
Project("{9A19103F-16F7-4668-BE54-9A1E7A4F7556}") = "Hermes.Infrastructure", "Hermes.Infrastructure\Hermes.Infrastructure.csproj", "{48A1192D-A35B-4C71-BAF0-4F99E8548F68}"
EndProject
Global
	GlobalSection(SolutionConfigurationPlatforms) = preSolution
		Debug|Any CPU = Debug|Any CPU
		Release|Any CPU = Release|Any CPU
	EndGlobalSection
	GlobalSection(ProjectConfigurationPlatforms) = postSolution
		{98FFE575-52CA-497A-8643-2FC6CAFE6E31}.Debug|Any CPU.ActiveCfg = Debug|Any CPU
		{98FFE575-52CA-497A-8643-2FC6CAFE6E31}.Debug|Any CPU.Build.0 = Debug|Any CPU
		{98FFE575-52CA-497A-8643-2FC6CAFE6E31}.Release|Any CPU.ActiveCfg = Release|Any CPU
		{98FFE575-52CA-497A-8643-2FC6CAFE6E31}.Release|Any CPU.Build.0 = Release|Any CPU
		{7179A749-65D1-4A2C-8A14-5BEE80A9A26E}.Debug|Any CPU.ActiveCfg = Debug|Any CPU
		{7179A749-65D1-4A2C-8A14-5BEE80A9A26E}.Debug|Any CPU.Build.0 = Debug|Any CPU
		{7179A749-65D1-4A2C-8A14-5BEE80A9A26E}.Release|Any CPU.ActiveCfg = Release|Any CPU
		{7179A749-65D1-4A2C-8A14-5BEE80A9A26E}.Release|Any CPU.Build.0 = Release|Any CPU
		{48A1192D-A35B-4C71-BAF0-4F99E8548F68}.Debug|Any CPU.ActiveCfg = Debug|Any CPU
		{48A1192D-A35B-4C71-BAF0-4F99E8548F68}.Debug|Any CPU.Build.0 = Debug|Any CPU
		{48A1192D-A35B-4C71-BAF0-4F99E8548F68}.Release|Any CPU.ActiveCfg = Release|Any CPU
		{48A1192D-A35B-4C71-BAF0-4F99E8548F68}.Release|Any CPU.Build.0 = Release|Any CPU
	EndGlobalSection
	GlobalSection(SolutionProperties) = preSolution
		HideSolutionNode = FALSE
	EndGlobalSection
	GlobalSection(ExtensibilityGlobals) = postSolution
		SolutionGuid = {8E6304BF-6AB8-4B3C-93DC-5944F86CEEEF}
	EndGlobalSection
EndGlobal
